
Microsoft Visual Studio Solution File, Format Version 12.00
# Visual Studio Version 16
VisualStudioVersion = 16.0.30114.105
MinimumVisualStudioVersion = 10.0.40219.1
Project("{FAE04EC0-301F-11D3-BF4B-00C04F79EFBC}") = "Photo Importer", "Photo Importer\Photo Importer.csproj", "{ED9D9E05-DF71-4951-9FAE-1ACAA2D8A48E}"
EndProject
Global
	GlobalSection(SolutionConfigurationPlatforms) = preSolution
		Debug|Any CPU = Debug|Any CPU
		Release|Any CPU = Release|Any CPU
	EndGlobalSection
	GlobalSection(ProjectConfigurationPlatforms) = postSolution
		{ED9D9E05-DF71-4951-9FAE-1ACAA2D8A48E}.Debug|Any CPU.ActiveCfg = Debug|Any CPU
		{ED9D9E05-DF71-4951-9FAE-1ACAA2D8A48E}.Debug|Any CPU.Build.0 = Debug|Any CPU
		{ED9D9E05-DF71-4951-9FAE-1ACAA2D8A48E}.Release|Any CPU.ActiveCfg = Release|Any CPU
		{ED9D9E05-DF71-4951-9FAE-1ACAA2D8A48E}.Release|Any CPU.Build.0 = Release|Any CPU
	EndGlobalSection
	GlobalSection(SolutionProperties) = preSolution
		HideSolutionNode = FALSE
	EndGlobalSection
	GlobalSection(ExtensibilityGlobals) = postSolution
		SolutionGuid = {D21C5C54-62EF-40FE-9B94-715C43690A4F}
	EndGlobalSection
EndGlobal
